
Microsoft Visual Studio Solution File, Format Version 12.00
# Visual Studio Version 16
VisualStudioVersion = 16.0.30114.105
MinimumVisualStudioVersion = 10.0.40219.1
Project("{9A19103F-16F7-4668-BE54-9A1E7A4F7556}") = "GemApi.Domain", "GemApi.Domain\GemApi.Domain.csproj", "{D12A7FA3-15F5-48F2-9AB4-43DBAE8B9C05}"
EndProject
Project("{9A19103F-16F7-4668-BE54-9A1E7A4F7556}") = "GemCalendarApi", "GemApi.WebApi\GemCalendarApi.csproj", "{6B3293B2-6BA8-4459-9A63-525D2791E447}"
EndProject
Project("{FAE04EC0-301F-11D3-BF4B-00C04F79EFBC}") = "GemApi.Database", "GemApi.Database\GemApi.Database.csproj", "{1B34148D-9635-48A9-A7F8-2DC492FD5BF7}"
EndProject
Project("{FAE04EC0-301F-11D3-BF4B-00C04F79EFBC}") = "GemApi.Application", "GemApi.Application\GemApi.Application.csproj", "{C17F279F-A517-4C0A-8559-164C2FA3FD1A}"
EndProject
Global
	GlobalSection(SolutionConfigurationPlatforms) = preSolution
		Debug|Any CPU = Debug|Any CPU
		Debug|x64 = Debug|x64
		Debug|x86 = Debug|x86
		Release|Any CPU = Release|Any CPU
		Release|x64 = Release|x64
		Release|x86 = Release|x86
	EndGlobalSection
	GlobalSection(ProjectConfigurationPlatforms) = postSolution
		{D12A7FA3-15F5-48F2-9AB4-43DBAE8B9C05}.Debug|Any CPU.ActiveCfg = Debug|Any CPU
		{D12A7FA3-15F5-48F2-9AB4-43DBAE8B9C05}.Debug|Any CPU.Build.0 = Debug|Any CPU
		{D12A7FA3-15F5-48F2-9AB4-43DBAE8B9C05}.Debug|x64.ActiveCfg = Debug|Any CPU
		{D12A7FA3-15F5-48F2-9AB4-43DBAE8B9C05}.Debug|x64.Build.0 = Debug|Any CPU
		{D12A7FA3-15F5-48F2-9AB4-43DBAE8B9C05}.Debug|x86.ActiveCfg = Debug|Any CPU
		{D12A7FA3-15F5-48F2-9AB4-43DBAE8B9C05}.Debug|x86.Build.0 = Debug|Any CPU
		{D12A7FA3-15F5-48F2-9AB4-43DBAE8B9C05}.Release|Any CPU.ActiveCfg = Release|Any CPU
		{D12A7FA3-15F5-48F2-9AB4-43DBAE8B9C05}.Release|Any CPU.Build.0 = Release|Any CPU
		{D12A7FA3-15F5-48F2-9AB4-43DBAE8B9C05}.Release|x64.ActiveCfg = Release|Any CPU
		{D12A7FA3-15F5-48F2-9AB4-43DBAE8B9C05}.Release|x64.Build.0 = Release|Any CPU
		{D12A7FA3-15F5-48F2-9AB4-43DBAE8B9C05}.Release|x86.ActiveCfg = Release|Any CPU
		{D12A7FA3-15F5-48F2-9AB4-43DBAE8B9C05}.Release|x86.Build.0 = Release|Any CPU
		{6B3293B2-6BA8-4459-9A63-525D2791E447}.Debug|Any CPU.ActiveCfg = Debug|Any CPU
		{6B3293B2-6BA8-4459-9A63-525D2791E447}.Debug|Any CPU.Build.0 = Debug|Any CPU
		{6B3293B2-6BA8-4459-9A63-525D2791E447}.Debug|x64.ActiveCfg = Debug|Any CPU
		{6B3293B2-6BA8-4459-9A63-525D2791E447}.Debug|x64.Build.0 = Debug|Any CPU
		{6B3293B2-6BA8-4459-9A63-525D2791E447}.Debug|x86.ActiveCfg = Debug|Any CPU
		{6B3293B2-6BA8-4459-9A63-525D2791E447}.Debug|x86.Build.0 = Debug|Any CPU
		{6B3293B2-6BA8-4459-9A63-525D2791E447}.Release|Any CPU.ActiveCfg = Release|Any CPU
		{6B3293B2-6BA8-4459-9A63-525D2791E447}.Release|Any CPU.Build.0 = Release|Any CPU
		{6B3293B2-6BA8-4459-9A63-525D2791E447}.Release|x64.ActiveCfg = Release|Any CPU
		{6B3293B2-6BA8-4459-9A63-525D2791E447}.Release|x64.Build.0 = Release|Any CPU
		{6B3293B2-6BA8-4459-9A63-525D2791E447}.Release|x86.ActiveCfg = Release|Any CPU
		{6B3293B2-6BA8-4459-9A63-525D2791E447}.Release|x86.Build.0 = Release|Any CPU
		{1B34148D-9635-48A9-A7F8-2DC492FD5BF7}.Debug|Any CPU.ActiveCfg = Debug|Any CPU
		{1B34148D-9635-48A9-A7F8-2DC492FD5BF7}.Debug|Any CPU.Build.0 = Debug|Any CPU
		{1B34148D-9635-48A9-A7F8-2DC492FD5BF7}.Debug|x64.ActiveCfg = Debug|Any CPU
		{1B34148D-9635-48A9-A7F8-2DC492FD5BF7}.Debug|x64.Build.0 = Debug|Any CPU
		{1B34148D-9635-48A9-A7F8-2DC492FD5BF7}.Debug|x86.ActiveCfg = Debug|Any CPU
		{1B34148D-9635-48A9-A7F8-2DC492FD5BF7}.Debug|x86.Build.0 = Debug|Any CPU
		{1B34148D-9635-48A9-A7F8-2DC492FD5BF7}.Release|Any CPU.ActiveCfg = Release|Any CPU
		{1B34148D-9635-48A9-A7F8-2DC492FD5BF7}.Release|Any CPU.Build.0 = Release|Any CPU
		{1B34148D-9635-48A9-A7F8-2DC492FD5BF7}.Release|x64.ActiveCfg = Release|Any CPU
		{1B34148D-9635-48A9-A7F8-2DC492FD5BF7}.Release|x64.Build.0 = Release|Any CPU
		{1B34148D-9635-48A9-A7F8-2DC492FD5BF7}.Release|x86.ActiveCfg = Release|Any CPU
		{1B34148D-9635-48A9-A7F8-2DC492FD5BF7}.Release|x86.Build.0 = Release|Any CPU
		{C17F279F-A517-4C0A-8559-164C2FA3FD1A}.Debug|Any CPU.ActiveCfg = Debug|Any CPU
		{C17F279F-A517-4C0A-8559-164C2FA3FD1A}.Debug|Any CPU.Build.0 = Debug|Any CPU
		{C17F279F-A517-4C0A-8559-164C2FA3FD1A}.Debug|x64.ActiveCfg = Debug|Any CPU
		{C17F279F-A517-4C0A-8559-164C2FA3FD1A}.Debug|x64.Build.0 = Debug|Any CPU
		{C17F279F-A517-4C0A-8559-164C2FA3FD1A}.Debug|x86.ActiveCfg = Debug|Any CPU
		{C17F279F-A517-4C0A-8559-164C2FA3FD1A}.Debug|x86.Build.0 = Debug|Any CPU
		{C17F279F-A517-4C0A-8559-164C2FA3FD1A}.Release|Any CPU.ActiveCfg = Release|Any CPU
		{C17F279F-A517-4C0A-8559-164C2FA3FD1A}.Release|Any CPU.Build.0 = Release|Any CPU
		{C17F279F-A517-4C0A-8559-164C2FA3FD1A}.Release|x64.ActiveCfg = Release|Any CPU
		{C17F279F-A517-4C0A-8559-164C2FA3FD1A}.Release|x64.Build.0 = Release|Any CPU
		{C17F279F-A517-4C0A-8559-164C2FA3FD1A}.Release|x86.ActiveCfg = Release|Any CPU
		{C17F279F-A517-4C0A-8559-164C2FA3FD1A}.Release|x86.Build.0 = Release|Any CPU
	EndGlobalSection
	GlobalSection(SolutionProperties) = preSolution
		HideSolutionNode = FALSE
	EndGlobalSection
	GlobalSection(ExtensibilityGlobals) = postSolution
		SolutionGuid = {6C353C82-30D9-470C-B766-A4878278724F}
	EndGlobalSection
EndGlobal
